
Microsoft Visual Studio Solution File, Format Version 12.00
# Visual Studio Version 17
VisualStudioVersion = 17.6.33829.357
MinimumVisualStudioVersion = 10.0.40219.1
Project("{FAE04EC0-301F-11D3-BF4B-00C04F79EFBC}") = "RecordStore", "RecordStore\RecordStore.csproj", "{9EB13FE6-F5BA-4794-8D80-1A5B48A53B5D}"
EndProject
Global
	GlobalSection(SolutionConfigurationPlatforms) = preSolution
		Debug|Any CPU = Debug|Any CPU
		Release|Any CPU = Release|Any CPU
	EndGlobalSection
	GlobalSection(ProjectConfigurationPlatforms) = postSolution
		{9EB13FE6-F5BA-4794-8D80-1A5B48A53B5D}.Debug|Any CPU.ActiveCfg = Debug|Any CPU
		{9EB13FE6-F5BA-4794-8D80-1A5B48A53B5D}.Debug|Any CPU.Build.0 = Debug|Any CPU
		{9EB13FE6-F5BA-4794-8D80-1A5B48A53B5D}.Release|Any CPU.ActiveCfg = Release|Any CPU
		{9EB13FE6-F5BA-4794-8D80-1A5B48A53B5D}.Release|Any CPU.Build.0 = Release|Any CPU
	EndGlobalSection
	GlobalSection(SolutionProperties) = preSolution
		HideSolutionNode = FALSE
	EndGlobalSection
	GlobalSection(ExtensibilityGlobals) = postSolution
		SolutionGuid = {52909788-B3F4-474C-8B83-A474D355962A}
	EndGlobalSection
EndGlobal
